
Microsoft Visual Studio Solution File, Format Version 10.00
# Visual Studio 2008
Project("{FAE04EC0-301F-11D3-BF4B-00C04F79EFBC}") = "OutpatientRegistrationSystem", "OutpatientRegistrationSystem\OutpatientRegistrationSystem.csproj", "{4A8A4EE1-DCE3-4A64-9D76-B2C49ED19474}"
EndProject
Global
	GlobalSection(SolutionConfigurationPlatforms) = preSolution
		Debug|Any CPU = Debug|Any CPU
		Release|Any CPU = Release|Any CPU
	EndGlobalSection
	GlobalSection(ProjectConfigurationPlatforms) = postSolution
		{4A8A4EE1-DCE3-4A64-9D76-B2C49ED19474}.Debug|Any CPU.ActiveCfg = Debug|Any CPU
		{4A8A4EE1-DCE3-4A64-9D76-B2C49ED19474}.Debug|Any CPU.Build.0 = Debug|Any CPU
		{4A8A4EE1-DCE3-4A64-9D76-B2C49ED19474}.Release|Any CPU.ActiveCfg = Release|Any CPU
		{4A8A4EE1-DCE3-4A64-9D76-B2C49ED19474}.Release|Any CPU.Build.0 = Release|Any CPU
	EndGlobalSection
	GlobalSection(SolutionProperties) = preSolution
		HideSolutionNode = FALSE
	EndGlobalSection
EndGlobal
